
Microsoft Visual Studio Solution File, Format Version 12.00
# Visual Studio 15
VisualStudioVersion = 15.0.27130.2027
MinimumVisualStudioVersion = 10.0.40219.1
Project("{FAE04EC0-301F-11D3-BF4B-00C04F79EFBC}") = "Tools", "Tools\Tools.csproj", "{720ED730-8E0E-41DD-94C8-A614CF14AD90}"
EndProject
Project("{FAE04EC0-301F-11D3-BF4B-00C04F79EFBC}") = "1.1", "1.1\1.1.csproj", "{454CD767-1A7E-40B6-88E4-F5F46F02A9F7}"
EndProject
Project("{FAE04EC0-301F-11D3-BF4B-00C04F79EFBC}") = "1.2", "1.2\1.2.csproj", "{FF6B332A-53C4-4CF6-AB37-134A6E5F13E2}"
EndProject
Project("{FAE04EC0-301F-11D3-BF4B-00C04F79EFBC}") = "1.3", "1.3\1.3.csproj", "{435134BB-D814-4FE2-B710-3D508B2BDD66}"
EndProject
Project("{FAE04EC0-301F-11D3-BF4B-00C04F79EFBC}") = "2", "2\2.csproj", "{831728BA-5120-48DC-96AD-1CDE65763FBF}"
EndProject
Global
	GlobalSection(SolutionConfigurationPlatforms) = preSolution
		Debug|Any CPU = Debug|Any CPU
		Release|Any CPU = Release|Any CPU
	EndGlobalSection
	GlobalSection(ProjectConfigurationPlatforms) = postSolution
		{720ED730-8E0E-41DD-94C8-A614CF14AD90}.Debug|Any CPU.ActiveCfg = Debug|Any CPU
		{720ED730-8E0E-41DD-94C8-A614CF14AD90}.Debug|Any CPU.Build.0 = Debug|Any CPU
		{720ED730-8E0E-41DD-94C8-A614CF14AD90}.Release|Any CPU.ActiveCfg = Release|Any CPU
		{720ED730-8E0E-41DD-94C8-A614CF14AD90}.Release|Any CPU.Build.0 = Release|Any CPU
		{454CD767-1A7E-40B6-88E4-F5F46F02A9F7}.Debug|Any CPU.ActiveCfg = Debug|Any CPU
		{454CD767-1A7E-40B6-88E4-F5F46F02A9F7}.Debug|Any CPU.Build.0 = Debug|Any CPU
		{454CD767-1A7E-40B6-88E4-F5F46F02A9F7}.Release|Any CPU.ActiveCfg = Release|Any CPU
		{454CD767-1A7E-40B6-88E4-F5F46F02A9F7}.Release|Any CPU.Build.0 = Release|Any CPU
		{FF6B332A-53C4-4CF6-AB37-134A6E5F13E2}.Debug|Any CPU.ActiveCfg = Debug|Any CPU
		{FF6B332A-53C4-4CF6-AB37-134A6E5F13E2}.Debug|Any CPU.Build.0 = Debug|Any CPU
		{FF6B332A-53C4-4CF6-AB37-134A6E5F13E2}.Release|Any CPU.ActiveCfg = Release|Any CPU
		{FF6B332A-53C4-4CF6-AB37-134A6E5F13E2}.Release|Any CPU.Build.0 = Release|Any CPU
		{435134BB-D814-4FE2-B710-3D508B2BDD66}.Debug|Any CPU.ActiveCfg = Debug|Any CPU
		{435134BB-D814-4FE2-B710-3D508B2BDD66}.Debug|Any CPU.Build.0 = Debug|Any CPU
		{435134BB-D814-4FE2-B710-3D508B2BDD66}.Release|Any CPU.ActiveCfg = Release|Any CPU
		{435134BB-D814-4FE2-B710-3D508B2BDD66}.Release|Any CPU.Build.0 = Release|Any CPU
		{831728BA-5120-48DC-96AD-1CDE65763FBF}.Debug|Any CPU.ActiveCfg = Debug|Any CPU
		{831728BA-5120-48DC-96AD-1CDE65763FBF}.Debug|Any CPU.Build.0 = Debug|Any CPU
		{831728BA-5120-48DC-96AD-1CDE65763FBF}.Release|Any CPU.ActiveCfg = Release|Any CPU
		{831728BA-5120-48DC-96AD-1CDE65763FBF}.Release|Any CPU.Build.0 = Release|Any CPU
	EndGlobalSection
	GlobalSection(SolutionProperties) = preSolution
		HideSolutionNode = FALSE
	EndGlobalSection
	GlobalSection(ExtensibilityGlobals) = postSolution
		SolutionGuid = {E61153B0-50A9-449E-9DA6-EA85035CA20E}
	EndGlobalSection
EndGlobal
